
Microsoft Visual Studio Solution File, Format Version 12.00
# Visual Studio Version 17
VisualStudioVersion = 17.7.34024.191
MinimumVisualStudioVersion = 10.0.40219.1
Project("{FAE04EC0-301F-11D3-BF4B-00C04F79EFBC}") = "tamagotchi 4", "tamagotchi 4\tamagotchi 4.csproj", "{18B97AC6-ECB4-45C1-8431-6479E0464690}"
EndProject
Global
	GlobalSection(SolutionConfigurationPlatforms) = preSolution
		Debug|Any CPU = Debug|Any CPU
		Release|Any CPU = Release|Any CPU
	EndGlobalSection
	GlobalSection(ProjectConfigurationPlatforms) = postSolution
		{18B97AC6-ECB4-45C1-8431-6479E0464690}.Debug|Any CPU.ActiveCfg = Debug|Any CPU
		{18B97AC6-ECB4-45C1-8431-6479E0464690}.Debug|Any CPU.Build.0 = Debug|Any CPU
		{18B97AC6-ECB4-45C1-8431-6479E0464690}.Release|Any CPU.ActiveCfg = Release|Any CPU
		{18B97AC6-ECB4-45C1-8431-6479E0464690}.Release|Any CPU.Build.0 = Release|Any CPU
	EndGlobalSection
	GlobalSection(SolutionProperties) = preSolution
		HideSolutionNode = FALSE
	EndGlobalSection
	GlobalSection(ExtensibilityGlobals) = postSolution
		SolutionGuid = {59749185-FAB5-4BA4-95B4-FB85FACD5BEA}
	EndGlobalSection
EndGlobal
